# THIS IS AN AUTOGENERATED FILE. DO NOT EDIT THIS FILE DIRECTLY.
# yarn lockfile v1


"@msgpack/msgpack@^2.8.0":
  version "2.8.0"
  resolved "https://registry.yarnpkg.com/@msgpack/msgpack/-/msgpack-2.8.0.tgz#4210deb771ee3912964f14a15ddfb5ff877e70b9"
  integrity sha512-h9u4u/jiIRKbq25PM+zymTyW6bhTzELvOoUd+AvYriWOAKpLGnIamaET3pnHYoI5iYphAHBI4ayx0MehR+VVPQ==

"@msgpack/msgpack@^3.1.2":
  version "3.1.2"
  resolved "https://registry.yarnpkg.com/@msgpack/msgpack/-/msgpack-3.1.2.tgz#fdd25cc2202297519798bbaf4689152ad9609e19"
  integrity sha512-JEW4DEtBzfe8HvUYecLU9e6+XJnKDlUAIve8FvPzF3Kzs6Xo/KuZkZJsDH0wJXl/qEZbeeE7edxDNY3kMs39hQ==

"@types/node@^20.0.0":
  version "20.19.17"
  resolved "https://registry.yarnpkg.com/@types/node/-/node-20.19.17.tgz#41b52697373aef8a43b3b92f33b43f329b2d674b"
  integrity sha512-gfehUI8N1z92kygssiuWvLiwcbOB3IRktR6hTDgJlXMYh5OvkPSRmgfoBUmfZt+vhwJtX7v1Yw4KvvAf7c5QKQ==
  dependencies:
    undici-types "~6.21.0"

"@xmldom/xmldom@^0.8.10":
  version "0.8.11"
  resolved "https://registry.yarnpkg.com/@xmldom/xmldom/-/xmldom-0.8.11.tgz#b79de2d67389734c57c52595f7a7305e30c2d608"
  integrity sha512-cQzWCtO6C8TQiYl1ruKNn2U6Ao4o4WBBcbL61yJl84x+j5sOWWFU9X7DpND8XZG3daDppSsigMdfAIl2upQBRw==

undici-types@~6.21.0:
  version "6.21.0"
  resolved "https://registry.yarnpkg.com/undici-types/-/undici-types-6.21.0.tgz#691d00af3909be93a7faa13be61b3a5b50ef12cb"
  integrity sha512-iwDZqg0QAGrg9Rav5H4n0M64c3mkR59cJ6wQp+7C4nI0gsmExaedaYLNO44eT4AtBBwjbTiGPMlt2Md0T9H9JQ==

xml-formatter@^3.6.6:
  version "3.6.7"
  resolved "https://registry.yarnpkg.com/xml-formatter/-/xml-formatter-3.6.7.tgz#75d140e6dbe19b3e956ef20ef55f421c52ef8cc0"
  integrity sha512-IsfFYJQuoDqtUlKhm4EzeoBOb+fQwzQVeyxxAQ0sThn/nFnQmyLPTplqq4yRhaOENH/tAyujD2TBfIYzUKB6hg==
  dependencies:
    xml-parser-xo "^4.1.5"

xml-parser-xo@^4.1.5:
  version "4.1.5"
  resolved "https://registry.yarnpkg.com/xml-parser-xo/-/xml-parser-xo-4.1.5.tgz#c3326af56219a406f1e20741a2826655fcb3b607"
  integrity sha512-TxyRxk9sTOUg3glxSIY6f0nfuqRll2OEF8TspLgh5mZkLuBgheCn3zClcDSGJ58TvNmiwyCCuat4UajPud/5Og==

xpath@^0.0.33:
  version "0.0.33"
  resolved "https://registry.yarnpkg.com/xpath/-/xpath-0.0.33.tgz#5136b6094227c5df92002e7c3a13516a5074eb07"
  integrity sha512-NNXnzrkDrAzalLhIUc01jO2mOzXGXh1JwPgkihcLLzw98c0WgYDmmjSh1Kl3wzaxSVWMuA+fe0WTWOBDWCBmNA==

yrt-migrate@DenkiYagi/yrt-migrate#feature/from-alpha13-to-1.0:
  version "2025.1.0"
  resolved "https://codeload.github.com/DenkiYagi/yrt-migrate/tar.gz/9ace6422b06d39d53a0a8071e116240971ff00b8"
  dependencies:
    "@msgpack/msgpack" "^2.8.0"
    "@xmldom/xmldom" "^0.8.10"
    xml-formatter "^3.6.6"
    xpath "^0.0.33"
