# THIS IS AN AUTOGENERATED FILE. DO NOT EDIT THIS FILE DIRECTLY.
# yarn lockfile v1


"@msgpack/msgpack@^2.8.0":
  version "2.8.0"
  resolved "https://registry.yarnpkg.com/@msgpack/msgpack/-/msgpack-2.8.0.tgz#4210deb771ee3912964f14a15ddfb5ff877e70b9"
  integrity sha512-h9u4u/jiIRKbq25PM+zymTyW6bhTzELvOoUd+AvYriWOAKpLGnIamaET3pnHYoI5iYphAHBI4ayx0MehR+VVPQ==

"@msgpack/msgpack@^3.1.2":
  version "3.1.2"
  resolved "https://registry.yarnpkg.com/@msgpack/msgpack/-/msgpack-3.1.2.tgz#fdd25cc2202297519798bbaf4689152ad9609e19"
  integrity sha512-JEW4DEtBzfe8HvUYecLU9e6+XJnKDlUAIve8FvPzF3Kzs6Xo/KuZkZJsDH0wJXl/qEZbeeE7edxDNY3kMs39hQ==

"@types/node@^20.0.0":
  version "20.19.9"
  resolved "https://registry.yarnpkg.com/@types/node/-/node-20.19.9.tgz#ca9a58193fec361cc6e859d88b52261853f1f0d3"
  integrity sha512-cuVNgarYWZqxRJDQHEB58GEONhOK79QVR/qYx4S7kcUObQvUwvFnYxJuuHUKm2aieN9X3yZB4LZsuYNU1Qphsw==
  dependencies:
    undici-types "~6.21.0"

"@xmldom/xmldom@^0.8.10":
  version "0.8.10"
  resolved "https://registry.yarnpkg.com/@xmldom/xmldom/-/xmldom-0.8.10.tgz#a1337ca426aa61cef9fe15b5b28e340a72f6fa99"
  integrity sha512-2WALfTl4xo2SkGCYRt6rDTFfk9R1czmBvUQy12gK2KuRKIpWEhcbbzy8EZXtz/jkRqHX8bFEc6FC1HjX4TUWYw==

undici-types@~6.21.0:
  version "6.21.0"
  resolved "https://registry.yarnpkg.com/undici-types/-/undici-types-6.21.0.tgz#691d00af3909be93a7faa13be61b3a5b50ef12cb"
  integrity sha512-iwDZqg0QAGrg9Rav5H4n0M64c3mkR59cJ6wQp+7C4nI0gsmExaedaYLNO44eT4AtBBwjbTiGPMlt2Md0T9H9JQ==

xml-formatter@^3.6.6:
  version "3.6.6"
  resolved "https://registry.yarnpkg.com/xml-formatter/-/xml-formatter-3.6.6.tgz#e7f275cba7565e5afd6c6d74e1ef6f589f0b4ac6"
  integrity sha512-yfofQht42x2sN1YThT6Er6GFXiQinfDAsMTNvMPi2uZw5/Vtc2PYHfvALR8U+b2oN2ekBxLd2tGWV06rAM8nQA==
  dependencies:
    xml-parser-xo "^4.1.4"

xml-parser-xo@^4.1.4:
  version "4.1.4"
  resolved "https://registry.yarnpkg.com/xml-parser-xo/-/xml-parser-xo-4.1.4.tgz#2b9c05d3336a140a1d2b1e2993d187daa4d7dcfe"
  integrity sha512-wo+yWDNeMwd1ctzH4CsiGXaAappDsxuR+VnmPewOzHk/zvefksT2ZlcWpAePl11THOWgnIZM4GjvumevurNWZw==

xmldom@^0.6.0:
  version "0.6.0"
  resolved "https://registry.yarnpkg.com/xmldom/-/xmldom-0.6.0.tgz#43a96ecb8beece991cef382c08397d82d4d0c46f"
  integrity sha512-iAcin401y58LckRZ0TkI4k0VSM1Qg0KGSc3i8rU+xrxe19A/BN1zHyVSJY7uoutVlaTSzYyk/v5AmkewAP7jtg==

xpath@^0.0.33:
  version "0.0.33"
  resolved "https://registry.yarnpkg.com/xpath/-/xpath-0.0.33.tgz#5136b6094227c5df92002e7c3a13516a5074eb07"
  integrity sha512-NNXnzrkDrAzalLhIUc01jO2mOzXGXh1JwPgkihcLLzw98c0WgYDmmjSh1Kl3wzaxSVWMuA+fe0WTWOBDWCBmNA==

yrt-migrate@DenkiYagi/yrt-migrate#improvement/from-alpha13-to-1.0:
  version "2023.1.0"
  resolved "https://codeload.github.com/DenkiYagi/yrt-migrate/tar.gz/846bf32fca352066a90c8b8af00f9b71085de59d"
  dependencies:
    "@msgpack/msgpack" "^2.8.0"
    "@xmldom/xmldom" "^0.8.10"
    xml-formatter "^3.6.6"
    xmldom "^0.6.0"
    xpath "^0.0.33"
